
Microsoft Visual Studio Solution File, Format Version 12.00
# Visual Studio 14
VisualStudioVersion = 14.0.25420.1
MinimumVisualStudioVersion = 10.0.40219.1
Project("{FAE04EC0-301F-11D3-BF4B-00C04F79EFBC}") = "FSTemplate", "FSTemplate.csproj", "{7CFEB4E5-5888-4E58-9DD4-49C52200520C}"
EndProject
Project("{FAE04EC0-301F-11D3-BF4B-00C04F79EFBC}") = "FSTemplate.Mvc", "..\FSTemplate.Mvc\FSTemplate.Mvc.csproj", "{523364B4-57E3-46C3-BDC9-BAA97DE6C44E}"
EndProject
Project("{FAE04EC0-301F-11D3-BF4B-00C04F79EFBC}") = "FSTemplate.Sample", "..\FSTemplate.Sample\FSTemplate.Sample.csproj", "{BC0121B8-99F6-46A4-9381-A2FFF04D5933}"
EndProject
Global
	GlobalSection(SolutionConfigurationPlatforms) = preSolution
		Debug|Any CPU = Debug|Any CPU
		Release|Any CPU = Release|Any CPU
	EndGlobalSection
	GlobalSection(ProjectConfigurationPlatforms) = postSolution
		{7CFEB4E5-5888-4E58-9DD4-49C52200520C}.Debug|Any CPU.ActiveCfg = Debug|Any CPU
		{7CFEB4E5-5888-4E58-9DD4-49C52200520C}.Debug|Any CPU.Build.0 = Debug|Any CPU
		{7CFEB4E5-5888-4E58-9DD4-49C52200520C}.Release|Any CPU.ActiveCfg = Release|Any CPU
		{7CFEB4E5-5888-4E58-9DD4-49C52200520C}.Release|Any CPU.Build.0 = Release|Any CPU
		{523364B4-57E3-46C3-BDC9-BAA97DE6C44E}.Debug|Any CPU.ActiveCfg = Debug|Any CPU
		{523364B4-57E3-46C3-BDC9-BAA97DE6C44E}.Debug|Any CPU.Build.0 = Debug|Any CPU
		{523364B4-57E3-46C3-BDC9-BAA97DE6C44E}.Release|Any CPU.ActiveCfg = Release|Any CPU
		{523364B4-57E3-46C3-BDC9-BAA97DE6C44E}.Release|Any CPU.Build.0 = Release|Any CPU
		{BC0121B8-99F6-46A4-9381-A2FFF04D5933}.Debug|Any CPU.ActiveCfg = Debug|Any CPU
		{BC0121B8-99F6-46A4-9381-A2FFF04D5933}.Debug|Any CPU.Build.0 = Debug|Any CPU
		{BC0121B8-99F6-46A4-9381-A2FFF04D5933}.Release|Any CPU.ActiveCfg = Release|Any CPU
		{BC0121B8-99F6-46A4-9381-A2FFF04D5933}.Release|Any CPU.Build.0 = Release|Any CPU
	EndGlobalSection
	GlobalSection(SolutionProperties) = preSolution
		HideSolutionNode = FALSE
	EndGlobalSection
EndGlobal
