
Microsoft Visual Studio Solution File, Format Version 12.00
# Visual Studio 14
VisualStudioVersion = 14.0.25420.1
MinimumVisualStudioVersion = 10.0.40219.1
Project("{F2A71F9B-5D33-465A-A702-920D77279786}") = "FSTemplate", "FSTemplate\FSTemplate.fsproj", "{8309F8C6-B2B6-466E-9E9E-9BACC1A175E3}"
EndProject
Project("{FAE04EC0-301F-11D3-BF4B-00C04F79EFBC}") = "FSTemplate.Mvc", "FSTemplate.Mvc\FSTemplate.Mvc.csproj", "{523364B4-57E3-46C3-BDC9-BAA97DE6C44E}"
EndProject
Project("{FAE04EC0-301F-11D3-BF4B-00C04F79EFBC}") = "FSTemplate.Sample", "FSTemplate.Sample\FSTemplate.Sample.csproj", "{41350223-19E8-4DFC-B8A5-C6B423F7EAC1}"
EndProject
Global
	GlobalSection(SolutionConfigurationPlatforms) = preSolution
		Debug|Any CPU = Debug|Any CPU
		Release|Any CPU = Release|Any CPU
	EndGlobalSection
	GlobalSection(ProjectConfigurationPlatforms) = postSolution
		{8309F8C6-B2B6-466E-9E9E-9BACC1A175E3}.Debug|Any CPU.ActiveCfg = Debug|Any CPU
		{8309F8C6-B2B6-466E-9E9E-9BACC1A175E3}.Debug|Any CPU.Build.0 = Debug|Any CPU
		{8309F8C6-B2B6-466E-9E9E-9BACC1A175E3}.Release|Any CPU.ActiveCfg = Release|Any CPU
		{8309F8C6-B2B6-466E-9E9E-9BACC1A175E3}.Release|Any CPU.Build.0 = Release|Any CPU
		{523364B4-57E3-46C3-BDC9-BAA97DE6C44E}.Debug|Any CPU.ActiveCfg = Debug|Any CPU
		{523364B4-57E3-46C3-BDC9-BAA97DE6C44E}.Debug|Any CPU.Build.0 = Debug|Any CPU
		{523364B4-57E3-46C3-BDC9-BAA97DE6C44E}.Release|Any CPU.ActiveCfg = Release|Any CPU
		{523364B4-57E3-46C3-BDC9-BAA97DE6C44E}.Release|Any CPU.Build.0 = Release|Any CPU
		{41350223-19E8-4DFC-B8A5-C6B423F7EAC1}.Debug|Any CPU.ActiveCfg = Debug|Any CPU
		{41350223-19E8-4DFC-B8A5-C6B423F7EAC1}.Debug|Any CPU.Build.0 = Debug|Any CPU
		{41350223-19E8-4DFC-B8A5-C6B423F7EAC1}.Release|Any CPU.ActiveCfg = Release|Any CPU
		{41350223-19E8-4DFC-B8A5-C6B423F7EAC1}.Release|Any CPU.Build.0 = Release|Any CPU
	EndGlobalSection
	GlobalSection(SolutionProperties) = preSolution
		HideSolutionNode = FALSE
	EndGlobalSection
EndGlobal
